{
  "name": "depmedic-site",
  "version": "0.0.0",
  "lockfileVersion": 3,
  "requires": true,
  "packages": {
    "": {
      "name": "depmedic-site",
      "version": "0.0.0",
      "license": "MIT",
      "dependencies": {
        "ci-doctor": "^0.4.1",
        "gha-budget": "^0.1.0"
      }
    },
    "node_modules/ci-doctor": {
      "version": "0.4.1",
      "resolved": "https://registry.npmjs.org/ci-doctor/-/ci-doctor-0.4.1.tgz",
      "integrity": "sha512-bIc41JGovvxE/L6GBVMoYhMvZRVUE3xdslEMg5pIwJmryhK/mOKVNkbMdI3hFdj5PD6LRA/zMjG1Cw2Yh1p8dA==",
      "license": "MIT",
      "dependencies": {
        "yaml": "^2.5.0"
      },
      "bin": {
        "ci-doctor": "bin/ci-doctor.js"
      },
      "engines": {
        "node": ">=18"
      }
    },
    "node_modules/gha-budget": {
      "version": "0.1.2",
      "resolved": "https://registry.npmjs.org/gha-budget/-/gha-budget-0.1.2.tgz",
      "integrity": "sha512-9fuxlvCdWjFYiANFWkXO0rPb1Zmg4wTFLaaQS2sM0yvyimNst/iXkVaRvHElf7H69WDJtjnyU1LW7E8d+6vvSg==",
      "license": "MIT",
      "dependencies": {
        "yaml": "^2.5.0"
      },
      "bin": {
        "gha-budget": "bin/cli.js"
      },
      "engines": {
        "node": ">=18"
      }
    },
    "node_modules/yaml": {
      "version": "2.8.3",
      "resolved": "https://registry.npmjs.org/yaml/-/yaml-2.8.3.tgz",
      "integrity": "sha512-AvbaCLOO2Otw/lW5bmh9d/WEdcDFdQp2Z2ZUH3pX9U2ihyUY0nvLv7J6TrWowklRGPYbB/IuIMfYgxaCPg5Bpg==",
      "license": "ISC",
      "bin": {
        "yaml": "bin.mjs"
      },
      "engines": {
        "node": ">= 14.6"
      },
      "funding": {
        "url": "https://github.com/sponsors/eemeli"
      }
    }
  }
}
